
Microsoft Visual Studio Solution File, Format Version 12.00
# Visual Studio Version 17
VisualStudioVersion = 17.1.32319.34
MinimumVisualStudioVersion = 10.0.40219.1
Project("{9A19103F-16F7-4668-BE54-9A1E7A4F7556}") = "IN2.UserPortal", "IN2.UserPortal\IN2.UserPortal.csproj", "{13441E75-43D9-4FBB-A718-BC9827EDEBA4}"
EndProject
Project("{9A19103F-16F7-4668-BE54-9A1E7A4F7556}") = "IN2.UserPortal.Persistance", "IN2.UserPortal.Persistance\IN2.UserPortal.Persistance.csproj", "{E5C213DD-0440-48C1-8536-ED090A2EE49F}"
EndProject
Project("{FAE04EC0-301F-11D3-BF4B-00C04F79EFBC}") = "IN2.UserPortal.Core", "IN2.UserPortal.Core\IN2.UserPortal.Core.csproj", "{5AED66AD-A149-4CB6-9D31-7444B8F5C63A}"
EndProject
Global
	GlobalSection(SolutionConfigurationPlatforms) = preSolution
		Debug|Any CPU = Debug|Any CPU
		Release|Any CPU = Release|Any CPU
	EndGlobalSection
	GlobalSection(ProjectConfigurationPlatforms) = postSolution
		{13441E75-43D9-4FBB-A718-BC9827EDEBA4}.Debug|Any CPU.ActiveCfg = Debug|Any CPU
		{13441E75-43D9-4FBB-A718-BC9827EDEBA4}.Debug|Any CPU.Build.0 = Debug|Any CPU
		{13441E75-43D9-4FBB-A718-BC9827EDEBA4}.Release|Any CPU.ActiveCfg = Release|Any CPU
		{13441E75-43D9-4FBB-A718-BC9827EDEBA4}.Release|Any CPU.Build.0 = Release|Any CPU
		{E5C213DD-0440-48C1-8536-ED090A2EE49F}.Debug|Any CPU.ActiveCfg = Debug|Any CPU
		{E5C213DD-0440-48C1-8536-ED090A2EE49F}.Debug|Any CPU.Build.0 = Debug|Any CPU
		{E5C213DD-0440-48C1-8536-ED090A2EE49F}.Release|Any CPU.ActiveCfg = Release|Any CPU
		{E5C213DD-0440-48C1-8536-ED090A2EE49F}.Release|Any CPU.Build.0 = Release|Any CPU
		{5AED66AD-A149-4CB6-9D31-7444B8F5C63A}.Debug|Any CPU.ActiveCfg = Debug|Any CPU
		{5AED66AD-A149-4CB6-9D31-7444B8F5C63A}.Debug|Any CPU.Build.0 = Debug|Any CPU
		{5AED66AD-A149-4CB6-9D31-7444B8F5C63A}.Release|Any CPU.ActiveCfg = Release|Any CPU
		{5AED66AD-A149-4CB6-9D31-7444B8F5C63A}.Release|Any CPU.Build.0 = Release|Any CPU
	EndGlobalSection
	GlobalSection(SolutionProperties) = preSolution
		HideSolutionNode = FALSE
	EndGlobalSection
	GlobalSection(ExtensibilityGlobals) = postSolution
		SolutionGuid = {75A8ADBB-B0C6-4878-8D25-EB5D189BABC1}
	EndGlobalSection
EndGlobal
